
Microsoft Visual Studio Solution File, Format Version 12.00
# Visual Studio Version 16
VisualStudioVersion = 16.0.30907.101
MinimumVisualStudioVersion = 10.0.40219.1
Project("{9A19103F-16F7-4668-BE54-9A1E7A4F7556}") = "SDL_WikiRepoService", "SDL_WikiRepoService\SDL_WikiRepoService.csproj", "{D0A06E8C-CCDC-4E38-B758-C3342CEAF9AE}"
EndProject
Project("{FAE04EC0-301F-11D3-BF4B-00C04F79EFBC}") = "SDL_WikiRepoLibrary", "SDL_WikiRepoLibrary\SDL_WikiRepoLibrary.csproj", "{1A694E4A-A0B6-4987-A73E-5FED83A9859E}"
EndProject
Project("{2150E333-8FDC-42A3-9474-1A3956D46DE8}") = "docker", "docker", "{F37AA6AF-CDA7-4E42-A1F6-55957188BEEA}"
	ProjectSection(SolutionItems) = preProject
		.dockerignore = .dockerignore
	EndProjectSection
EndProject
Project("{2150E333-8FDC-42A3-9474-1A3956D46DE8}") = "etc", "etc", "{39E57871-886E-442C-824E-72FB5C210A33}"
	ProjectSection(SolutionItems) = preProject
		LICENSE = LICENSE
		README.md = README.md
	EndProjectSection
EndProject
Global
	GlobalSection(SolutionConfigurationPlatforms) = preSolution
		Debug|Any CPU = Debug|Any CPU
		Release|Any CPU = Release|Any CPU
	EndGlobalSection
	GlobalSection(ProjectConfigurationPlatforms) = postSolution
		{D0A06E8C-CCDC-4E38-B758-C3342CEAF9AE}.Debug|Any CPU.ActiveCfg = Debug|Any CPU
		{D0A06E8C-CCDC-4E38-B758-C3342CEAF9AE}.Debug|Any CPU.Build.0 = Debug|Any CPU
		{D0A06E8C-CCDC-4E38-B758-C3342CEAF9AE}.Release|Any CPU.ActiveCfg = Release|Any CPU
		{D0A06E8C-CCDC-4E38-B758-C3342CEAF9AE}.Release|Any CPU.Build.0 = Release|Any CPU
		{1A694E4A-A0B6-4987-A73E-5FED83A9859E}.Debug|Any CPU.ActiveCfg = Debug|Any CPU
		{1A694E4A-A0B6-4987-A73E-5FED83A9859E}.Debug|Any CPU.Build.0 = Debug|Any CPU
		{1A694E4A-A0B6-4987-A73E-5FED83A9859E}.Release|Any CPU.ActiveCfg = Release|Any CPU
		{1A694E4A-A0B6-4987-A73E-5FED83A9859E}.Release|Any CPU.Build.0 = Release|Any CPU
	EndGlobalSection
	GlobalSection(SolutionProperties) = preSolution
		HideSolutionNode = FALSE
	EndGlobalSection
	GlobalSection(ExtensibilityGlobals) = postSolution
		SolutionGuid = {347357DF-D17F-4EBC-A027-2D0D5A30B6D3}
	EndGlobalSection
EndGlobal
